
Microsoft Visual Studio Solution File, Format Version 12.00
# Visual Studio Version 16
VisualStudioVersion = 16.0.31702.278
MinimumVisualStudioVersion = 10.0.40219.1
Project("{FAE04EC0-301F-11D3-BF4B-00C04F79EFBC}") = "Ex1Sesiune", "Ex1Sesiune.csproj", "{9DD98D71-0431-413B-810A-981523DF91FF}"
EndProject
Global
	GlobalSection(SolutionConfigurationPlatforms) = preSolution
		Debug|Any CPU = Debug|Any CPU
		Release|Any CPU = Release|Any CPU
	EndGlobalSection
	GlobalSection(ProjectConfigurationPlatforms) = postSolution
		{9DD98D71-0431-413B-810A-981523DF91FF}.Debug|Any CPU.ActiveCfg = Debug|Any CPU
		{9DD98D71-0431-413B-810A-981523DF91FF}.Debug|Any CPU.Build.0 = Debug|Any CPU
		{9DD98D71-0431-413B-810A-981523DF91FF}.Release|Any CPU.ActiveCfg = Release|Any CPU
		{9DD98D71-0431-413B-810A-981523DF91FF}.Release|Any CPU.Build.0 = Release|Any CPU
	EndGlobalSection
	GlobalSection(SolutionProperties) = preSolution
		HideSolutionNode = FALSE
	EndGlobalSection
	GlobalSection(ExtensibilityGlobals) = postSolution
		SolutionGuid = {56119A99-46D9-456C-9888-0F7A181DEA47}
	EndGlobalSection
EndGlobal
